
Microsoft Visual Studio Solution File, Format Version 12.00
# Visual Studio Version 17
VisualStudioVersion = 17.2.32519.379
MinimumVisualStudioVersion = 10.0.40219.1
Project("{FAE04EC0-301F-11D3-BF4B-00C04F79EFBC}") = "KiemTra_NguyenVuongPhiHoang", "KiemTra_NguyenVuongPhiHoang\KiemTra_NguyenVuongPhiHoang.csproj", "{D64F87AD-24B1-4C91-A418-3DF01E6E5739}"
EndProject
Global
	GlobalSection(SolutionConfigurationPlatforms) = preSolution
		Debug|Any CPU = Debug|Any CPU
		Release|Any CPU = Release|Any CPU
	EndGlobalSection
	GlobalSection(ProjectConfigurationPlatforms) = postSolution
		{D64F87AD-24B1-4C91-A418-3DF01E6E5739}.Debug|Any CPU.ActiveCfg = Debug|Any CPU
		{D64F87AD-24B1-4C91-A418-3DF01E6E5739}.Debug|Any CPU.Build.0 = Debug|Any CPU
		{D64F87AD-24B1-4C91-A418-3DF01E6E5739}.Release|Any CPU.ActiveCfg = Release|Any CPU
		{D64F87AD-24B1-4C91-A418-3DF01E6E5739}.Release|Any CPU.Build.0 = Release|Any CPU
	EndGlobalSection
	GlobalSection(SolutionProperties) = preSolution
		HideSolutionNode = FALSE
	EndGlobalSection
	GlobalSection(ExtensibilityGlobals) = postSolution
		SolutionGuid = {FF246F33-FFC1-42F8-A794-B109B699BA69}
	EndGlobalSection
EndGlobal
